
Microsoft Visual Studio Solution File, Format Version 12.00
# Visual Studio Version 17
VisualStudioVersion = 17.5.002.0
MinimumVisualStudioVersion = 10.0.40219.1
Project("{9A19103F-16F7-4668-BE54-9A1E7A4F7556}") = "GameEngine.Inventory.Service", "GameEngine.Inventory.Service.csproj", "{0A8E6113-A0D2-4783-8BD3-8C157DF74EDC}"
EndProject
Global
	GlobalSection(SolutionConfigurationPlatforms) = preSolution
		Debug|Any CPU = Debug|Any CPU
		Release|Any CPU = Release|Any CPU
	EndGlobalSection
	GlobalSection(ProjectConfigurationPlatforms) = postSolution
		{0A8E6113-A0D2-4783-8BD3-8C157DF74EDC}.Debug|Any CPU.ActiveCfg = Debug|Any CPU
		{0A8E6113-A0D2-4783-8BD3-8C157DF74EDC}.Debug|Any CPU.Build.0 = Debug|Any CPU
		{0A8E6113-A0D2-4783-8BD3-8C157DF74EDC}.Release|Any CPU.ActiveCfg = Release|Any CPU
		{0A8E6113-A0D2-4783-8BD3-8C157DF74EDC}.Release|Any CPU.Build.0 = Release|Any CPU
	EndGlobalSection
	GlobalSection(SolutionProperties) = preSolution
		HideSolutionNode = FALSE
	EndGlobalSection
	GlobalSection(ExtensibilityGlobals) = postSolution
		SolutionGuid = {61A8AD47-0334-4F72-9D96-1AA7C34AA57D}
	EndGlobalSection
EndGlobal
