
Microsoft Visual Studio Solution File, Format Version 12.00
# Visual Studio Version 17
VisualStudioVersion = 17.5.002.0
MinimumVisualStudioVersion = 10.0.40219.1
Project("{9A19103F-16F7-4668-BE54-9A1E7A4F7556}") = "GameEngine.Catalog.Service", "GameEngine.Catalog.Service.csproj", "{D3F8E3B6-B95E-405F-A2DE-38F50DCE53FA}"
EndProject
Global
	GlobalSection(SolutionConfigurationPlatforms) = preSolution
		Debug|Any CPU = Debug|Any CPU
		Release|Any CPU = Release|Any CPU
	EndGlobalSection
	GlobalSection(ProjectConfigurationPlatforms) = postSolution
		{D3F8E3B6-B95E-405F-A2DE-38F50DCE53FA}.Debug|Any CPU.ActiveCfg = Debug|Any CPU
		{D3F8E3B6-B95E-405F-A2DE-38F50DCE53FA}.Debug|Any CPU.Build.0 = Debug|Any CPU
		{D3F8E3B6-B95E-405F-A2DE-38F50DCE53FA}.Release|Any CPU.ActiveCfg = Release|Any CPU
		{D3F8E3B6-B95E-405F-A2DE-38F50DCE53FA}.Release|Any CPU.Build.0 = Release|Any CPU
	EndGlobalSection
	GlobalSection(SolutionProperties) = preSolution
		HideSolutionNode = FALSE
	EndGlobalSection
	GlobalSection(ExtensibilityGlobals) = postSolution
		SolutionGuid = {1FA2C5C0-B875-4C31-9FEB-782A156432A8}
	EndGlobalSection
EndGlobal
